// !$*UTF8*$!
{
	archiveVersion = 1;
	classes = {
	};
	objectVersion = 55;
	objects = {

/* Begin PBXBuildFile section */
		C212170227DEE82B00196656 /* CharacterTableViewCell.swift in Sources */ = {isa = PBXBuildFile; fileRef = C212170127DEE82B00196656 /* CharacterTableViewCell.swift */; };
		C212172327DFCD2300196656 /* Pods_MarvelChars.framework in Frameworks */ = {isa = PBXBuildFile; fileRef = 0184CEDAB7290F08DF0ECF53 /* Pods_MarvelChars.framework */; };
		C212172427DFCD2300196656 /* Pods_MarvelChars.framework in Embed Frameworks */ = {isa = PBXBuildFile; fileRef = 0184CEDAB7290F08DF0ECF53 /* Pods_MarvelChars.framework */; settings = {ATTRIBUTES = (CodeSignOnCopy, RemoveHeadersOnCopy, ); }; };
		C2D1FEFE27C4934000FF8F79 /* DetailsViewController.swift in Sources */ = {isa = PBXBuildFile; fileRef = C2D1FEFD27C4934000FF8F79 /* DetailsViewController.swift */; };
		C2D1FF0127C4985D00FF8F79 /* DetailsTableViewCell.swift in Sources */ = {isa = PBXBuildFile; fileRef = C2D1FF0027C4985D00FF8F79 /* DetailsTableViewCell.swift */; };
		C2D8452427E122130019741A /* CharacterManager.swift in Sources */ = {isa = PBXBuildFile; fileRef = C2D8452327E122130019741A /* CharacterManager.swift */; };
		C2F3B74127C01F1100AA64A2 /* AppDelegate.swift in Sources */ = {isa = PBXBuildFile; fileRef = C2F3B74027C01F1100AA64A2 /* AppDelegate.swift */; };
		C2F3B74327C01F1100AA64A2 /* SceneDelegate.swift in Sources */ = {isa = PBXBuildFile; fileRef = C2F3B74227C01F1100AA64A2 /* SceneDelegate.swift */; };
		C2F3B74527C01F1100AA64A2 /* CharactersViewController.swift in Sources */ = {isa = PBXBuildFile; fileRef = C2F3B74427C01F1100AA64A2 /* CharactersViewController.swift */; };
		C2F3B74827C01F1100AA64A2 /* Main.storyboard in Resources */ = {isa = PBXBuildFile; fileRef = C2F3B74627C01F1100AA64A2 /* Main.storyboard */; };
		C2F3B74B27C01F1100AA64A2 /* MarvelChars.xcdatamodeld in Sources */ = {isa = PBXBuildFile; fileRef = C2F3B74927C01F1100AA64A2 /* MarvelChars.xcdatamodeld */; };
		C2F3B74D27C01F1100AA64A2 /* Assets.xcassets in Resources */ = {isa = PBXBuildFile; fileRef = C2F3B74C27C01F1100AA64A2 /* Assets.xcassets */; };
		C2F3B75027C01F1100AA64A2 /* LaunchScreen.storyboard in Resources */ = {isa = PBXBuildFile; fileRef = C2F3B74E27C01F1100AA64A2 /* LaunchScreen.storyboard */; };
		C2F3B75827C0313F00AA64A2 /* CharacterModel.swift in Sources */ = {isa = PBXBuildFile; fileRef = C2F3B75727C0313F00AA64A2 /* CharacterModel.swift */; };
		C2F3B75C27C1322B00AA64A2 /* APIRequest.swift in Sources */ = {isa = PBXBuildFile; fileRef = C2F3B75B27C1322B00AA64A2 /* APIRequest.swift */; };
/* End PBXBuildFile section */

/* Begin PBXCopyFilesBuildPhase section */
		C212172227DFCAAA00196656 /* Embed Frameworks */ = {
			isa = PBXCopyFilesBuildPhase;
			buildActionMask = 2147483647;
			dstPath = "";
			dstSubfolderSpec = 10;
			files = (
				C212172427DFCD2300196656 /* Pods_MarvelChars.framework in Embed Frameworks */,
			);
			name = "Embed Frameworks";
			runOnlyForDeploymentPostprocessing = 0;
		};
/* End PBXCopyFilesBuildPhase section */

/* Begin PBXFileReference section */
		0184CEDAB7290F08DF0ECF53 /* Pods_MarvelChars.framework */ = {isa = PBXFileReference; explicitFileType = wrapper.framework; includeInIndex = 0; path = Pods_MarvelChars.framework; sourceTree = BUILT_PRODUCTS_DIR; };
		54E2974089F3E3CCB4948805 /* Pods-MarvelChars.release.xcconfig */ = {isa = PBXFileReference; includeInIndex = 1; lastKnownFileType = text.xcconfig; name = "Pods-MarvelChars.release.xcconfig"; path = "Target Support Files/Pods-MarvelChars/Pods-MarvelChars.release.xcconfig"; sourceTree = "<group>"; };
		6642EC577AA4C467BBAE9E8B /* Pods-MarvelChars.debug.xcconfig */ = {isa = PBXFileReference; includeInIndex = 1; lastKnownFileType = text.xcconfig; name = "Pods-MarvelChars.debug.xcconfig"; path = "Target Support Files/Pods-MarvelChars/Pods-MarvelChars.debug.xcconfig"; sourceTree = "<group>"; };
		C212170127DEE82B00196656 /* CharacterTableViewCell.swift */ = {isa = PBXFileReference; lastKnownFileType = sourcecode.swift; path = CharacterTableViewCell.swift; sourceTree = "<group>"; };
		C2D1FEFD27C4934000FF8F79 /* DetailsViewController.swift */ = {isa = PBXFileReference; lastKnownFileType = sourcecode.swift; path = DetailsViewController.swift; sourceTree = "<group>"; };
		C2D1FF0027C4985D00FF8F79 /* DetailsTableViewCell.swift */ = {isa = PBXFileReference; lastKnownFileType = sourcecode.swift; path = DetailsTableViewCell.swift; sourceTree = "<group>"; };
		C2D8452327E122130019741A /* CharacterManager.swift */ = {isa = PBXFileReference; lastKnownFileType = sourcecode.swift; path = CharacterManager.swift; sourceTree = "<group>"; };
		C2F3B73D27C01F1100AA64A2 /* MarvelChars.app */ = {isa = PBXFileReference; explicitFileType = wrapper.application; includeInIndex = 0; path = MarvelChars.app; sourceTree = BUILT_PRODUCTS_DIR; };
		C2F3B74027C01F1100AA64A2 /* AppDelegate.swift */ = {isa = PBXFileReference; lastKnownFileType = sourcecode.swift; path = AppDelegate.swift; sourceTree = "<group>"; };
		C2F3B74227C01F1100AA64A2 /* SceneDelegate.swift */ = {isa = PBXFileReference; lastKnownFileType = sourcecode.swift; path = SceneDelegate.swift; sourceTree = "<group>"; };
		C2F3B74427C01F1100AA64A2 /* CharactersViewController.swift */ = {isa = PBXFileReference; lastKnownFileType = sourcecode.swift; path = CharactersViewController.swift; sourceTree = "<group>"; };
		C2F3B74727C01F1100AA64A2 /* Base */ = {isa = PBXFileReference; lastKnownFileType = file.storyboard; name = Base; path = Base.lproj/Main.storyboard; sourceTree = "<group>"; };
		C2F3B74A27C01F1100AA64A2 /* MarvelChars.xcdatamodel */ = {isa = PBXFileReference; lastKnownFileType = wrapper.xcdatamodel; path = MarvelChars.xcdatamodel; sourceTree = "<group>"; };
		C2F3B74C27C01F1100AA64A2 /* Assets.xcassets */ = {isa = PBXFileReference; lastKnownFileType = folder.assetcatalog; path = Assets.xcassets; sourceTree = "<group>"; };
		C2F3B74F27C01F1100AA64A2 /* Base */ = {isa = PBXFileReference; lastKnownFileType = file.storyboard; name = Base; path = Base.lproj/LaunchScreen.storyboard; sourceTree = "<group>"; };
		C2F3B75127C01F1100AA64A2 /* Info.plist */ = {isa = PBXFileReference; lastKnownFileType = text.plist.xml; path = Info.plist; sourceTree = "<group>"; };
		C2F3B75727C0313F00AA64A2 /* CharacterModel.swift */ = {isa = PBXFileReference; lastKnownFileType = sourcecode.swift; path = CharacterModel.swift; sourceTree = "<group>"; };
		C2F3B75B27C1322B00AA64A2 /* APIRequest.swift */ = {isa = PBXFileReference; lastKnownFileType = sourcecode.swift; path = APIRequest.swift; sourceTree = "<group>"; };
/* End PBXFileReference section */

/* Begin PBXFrameworksBuildPhase section */
		C2F3B73A27C01F1100AA64A2 /* Frameworks */ = {
			isa = PBXFrameworksBuildPhase;
			buildActionMask = 2147483647;
			files = (
				C212172327DFCD2300196656 /* Pods_MarvelChars.framework in Frameworks */,
			);
			runOnlyForDeploymentPostprocessing = 0;
		};
/* End PBXFrameworksBuildPhase section */

/* Begin PBXGroup section */
		075D1BAF4C20CB0866A722BA /* Frameworks */ = {
			isa = PBXGroup;
			children = (
				0184CEDAB7290F08DF0ECF53 /* Pods_MarvelChars.framework */,
			);
			name = Frameworks;
			sourceTree = "<group>";
		};
		8EF92B69EF1ABD8C43E2A37C /* Pods */ = {
			isa = PBXGroup;
			children = (
				6642EC577AA4C467BBAE9E8B /* Pods-MarvelChars.debug.xcconfig */,
				54E2974089F3E3CCB4948805 /* Pods-MarvelChars.release.xcconfig */,
			);
			path = Pods;
			sourceTree = "<group>";
		};
		C2B721B827CE78D3007174B1 /* Model */ = {
			isa = PBXGroup;
			children = (
				C2F3B75727C0313F00AA64A2 /* CharacterModel.swift */,
				C2D8452327E122130019741A /* CharacterManager.swift */,
				C2F3B75B27C1322B00AA64A2 /* APIRequest.swift */,
			);
			path = Model;
			sourceTree = "<group>";
		};
		C2B721B927CEB55E007174B1 /* View */ = {
			isa = PBXGroup;
			children = (
				C2F3B74627C01F1100AA64A2 /* Main.storyboard */,
			);
			path = View;
			sourceTree = "<group>";
		};
		C2D1FEFF27C4934A00FF8F79 /* Controllers */ = {
			isa = PBXGroup;
			children = (
				C2F3B74427C01F1100AA64A2 /* CharactersViewController.swift */,
				C212170127DEE82B00196656 /* CharacterTableViewCell.swift */,
				C2D1FEFD27C4934000FF8F79 /* DetailsViewController.swift */,
				C2D1FF0027C4985D00FF8F79 /* DetailsTableViewCell.swift */,
			);
			path = Controllers;
			sourceTree = "<group>";
		};
		C2F3B73427C01F1100AA64A2 = {
			isa = PBXGroup;
			children = (
				C2F3B73F27C01F1100AA64A2 /* MarvelChars */,
				C2F3B73E27C01F1100AA64A2 /* Products */,
				8EF92B69EF1ABD8C43E2A37C /* Pods */,
				075D1BAF4C20CB0866A722BA /* Frameworks */,
			);
			sourceTree = "<group>";
		};
		C2F3B73E27C01F1100AA64A2 /* Products */ = {
			isa = PBXGroup;
			children = (
				C2F3B73D27C01F1100AA64A2 /* MarvelChars.app */,
			);
			name = Products;
			sourceTree = "<group>";
		};
		C2F3B73F27C01F1100AA64A2 /* MarvelChars */ = {
			isa = PBXGroup;
			children = (
				C2F3B74027C01F1100AA64A2 /* AppDelegate.swift */,
				C2F3B74227C01F1100AA64A2 /* SceneDelegate.swift */,
				C2D1FEFF27C4934A00FF8F79 /* Controllers */,
				C2B721B827CE78D3007174B1 /* Model */,
				C2B721B927CEB55E007174B1 /* View */,
				C2F3B74C27C01F1100AA64A2 /* Assets.xcassets */,
				C2F3B74E27C01F1100AA64A2 /* LaunchScreen.storyboard */,
				C2F3B75127C01F1100AA64A2 /* Info.plist */,
				C2F3B74927C01F1100AA64A2 /* MarvelChars.xcdatamodeld */,
			);
			path = MarvelChars;
			sourceTree = "<group>";
		};
/* End PBXGroup section */

/* Begin PBXNativeTarget section */
		C2F3B73C27C01F1100AA64A2 /* MarvelChars */ = {
			isa = PBXNativeTarget;
			buildConfigurationList = C2F3B75427C01F1100AA64A2 /* Build configuration list for PBXNativeTarget "MarvelChars" */;
			buildPhases = (
				3416D9083F0C22D950E23AFF /* [CP] Check Pods Manifest.lock */,
				C2F3B73927C01F1100AA64A2 /* Sources */,
				C2F3B73A27C01F1100AA64A2 /* Frameworks */,
				C2F3B73B27C01F1100AA64A2 /* Resources */,
				42CCD76B551703A11C0B8E5D /* [CP] Embed Pods Frameworks */,
				C212172227DFCAAA00196656 /* Embed Frameworks */,
			);
			buildRules = (
			);
			dependencies = (
			);
			name = MarvelChars;
			productName = MarvelChars;
			productReference = C2F3B73D27C01F1100AA64A2 /* MarvelChars.app */;
			productType = "com.apple.product-type.application";
		};
/* End PBXNativeTarget section */

/* Begin PBXProject section */
		C2F3B73527C01F1100AA64A2 /* Project object */ = {
			isa = PBXProject;
			attributes = {
				BuildIndependentTargetsInParallel = 1;
				LastSwiftUpdateCheck = 1320;
				LastUpgradeCheck = 1320;
				TargetAttributes = {
					C2F3B73C27C01F1100AA64A2 = {
						CreatedOnToolsVersion = 13.2.1;
					};
				};
			};
			buildConfigurationList = C2F3B73827C01F1100AA64A2 /* Build configuration list for PBXProject "MarvelChars" */;
			compatibilityVersion = "Xcode 13.0";
			developmentRegion = en;
			hasScannedForEncodings = 0;
			knownRegions = (
				en,
				Base,
			);
			mainGroup = C2F3B73427C01F1100AA64A2;
			productRefGroup = C2F3B73E27C01F1100AA64A2 /* Products */;
			projectDirPath = "";
			projectRoot = "";
			targets = (
				C2F3B73C27C01F1100AA64A2 /* MarvelChars */,
			);
		};
/* End PBXProject section */

/* Begin PBXResourcesBuildPhase section */
		C2F3B73B27C01F1100AA64A2 /* Resources */ = {
			isa = PBXResourcesBuildPhase;
			buildActionMask = 2147483647;
			files = (
				C2F3B75027C01F1100AA64A2 /* LaunchScreen.storyboard in Resources */,
				C2F3B74D27C01F1100AA64A2 /* Assets.xcassets in Resources */,
				C2F3B74827C01F1100AA64A2 /* Main.storyboard in Resources */,
			);
			runOnlyForDeploymentPostprocessing = 0;
		};
/* End PBXResourcesBuildPhase section */

/* Begin PBXShellScriptBuildPhase section */
		3416D9083F0C22D950E23AFF /* [CP] Check Pods Manifest.lock */ = {
			isa = PBXShellScriptBuildPhase;
			buildActionMask = 2147483647;
			files = (
			);
			inputFileListPaths = (
			);
			inputPaths = (
				"${PODS_PODFILE_DIR_PATH}/Podfile.lock",
				"${PODS_ROOT}/Manifest.lock",
			);
			name = "[CP] Check Pods Manifest.lock";
			outputFileListPaths = (
			);
			outputPaths = (
				"$(DERIVED_FILE_DIR)/Pods-MarvelChars-checkManifestLockResult.txt",
			);
			runOnlyForDeploymentPostprocessing = 0;
			shellPath = /bin/sh;
			shellScript = "diff \"${PODS_PODFILE_DIR_PATH}/Podfile.lock\" \"${PODS_ROOT}/Manifest.lock\" > /dev/null\nif [ $? != 0 ] ; then\n    # print error to STDERR\n    echo \"error: The sandbox is not in sync with the Podfile.lock. Run 'pod install' or update your CocoaPods installation.\" >&2\n    exit 1\nfi\n# This output is used by Xcode 'outputs' to avoid re-running this script phase.\necho \"SUCCESS\" > \"${SCRIPT_OUTPUT_FILE_0}\"\n";
			showEnvVarsInLog = 0;
		};
		42CCD76B551703A11C0B8E5D /* [CP] Embed Pods Frameworks */ = {
			isa = PBXShellScriptBuildPhase;
			buildActionMask = 2147483647;
			files = (
			);
			inputFileListPaths = (
				"${PODS_ROOT}/Target Support Files/Pods-MarvelChars/Pods-MarvelChars-frameworks-${CONFIGURATION}-input-files.xcfilelist",
			);
			name = "[CP] Embed Pods Frameworks";
			outputFileListPaths = (
				"${PODS_ROOT}/Target Support Files/Pods-MarvelChars/Pods-MarvelChars-frameworks-${CONFIGURATION}-output-files.xcfilelist",
			);
			runOnlyForDeploymentPostprocessing = 0;
			shellPath = /bin/sh;
			shellScript = "\"${PODS_ROOT}/Target Support Files/Pods-MarvelChars/Pods-MarvelChars-frameworks.sh\"\n";
			showEnvVarsInLog = 0;
		};
/* End PBXShellScriptBuildPhase section */

/* Begin PBXSourcesBuildPhase section */
		C2F3B73927C01F1100AA64A2 /* Sources */ = {
			isa = PBXSourcesBuildPhase;
			buildActionMask = 2147483647;
			files = (
				C2F3B74B27C01F1100AA64A2 /* MarvelChars.xcdatamodeld in Sources */,
				C2D1FEFE27C4934000FF8F79 /* DetailsViewController.swift in Sources */,
				C212170227DEE82B00196656 /* CharacterTableViewCell.swift in Sources */,
				C2F3B74527C01F1100AA64A2 /* CharactersViewController.swift in Sources */,
				C2F3B75827C0313F00AA64A2 /* CharacterModel.swift in Sources */,
				C2D8452427E122130019741A /* CharacterManager.swift in Sources */,
				C2F3B75C27C1322B00AA64A2 /* APIRequest.swift in Sources */,
				C2F3B74127C01F1100AA64A2 /* AppDelegate.swift in Sources */,
				C2D1FF0127C4985D00FF8F79 /* DetailsTableViewCell.swift in Sources */,
				C2F3B74327C01F1100AA64A2 /* SceneDelegate.swift in Sources */,
			);
			runOnlyForDeploymentPostprocessing = 0;
		};
/* End PBXSourcesBuildPhase section */

/* Begin PBXVariantGroup section */
		C2F3B74627C01F1100AA64A2 /* Main.storyboard */ = {
			isa = PBXVariantGroup;
			children = (
				C2F3B74727C01F1100AA64A2 /* Base */,
			);
			name = Main.storyboard;
			sourceTree = "<group>";
		};
		C2F3B74E27C01F1100AA64A2 /* LaunchScreen.storyboard */ = {
			isa = PBXVariantGroup;
			children = (
				C2F3B74F27C01F1100AA64A2 /* Base */,
			);
			name = LaunchScreen.storyboard;
			sourceTree = "<group>";
		};
/* End PBXVariantGroup section */

/* Begin XCBuildConfiguration section */
		C2F3B75227C01F1100AA64A2 /* Debug */ = {
			isa = XCBuildConfiguration;
			buildSettings = {
				ALWAYS_SEARCH_USER_PATHS = NO;
				CLANG_ANALYZER_NONNULL = YES;
				CLANG_ANALYZER_NUMBER_OBJECT_CONVERSION = YES_AGGRESSIVE;
				CLANG_CXX_LANGUAGE_STANDARD = "gnu++17";
				CLANG_CXX_LIBRARY = "libc++";
				CLANG_ENABLE_MODULES = YES;
				CLANG_ENABLE_OBJC_ARC = YES;
				CLANG_ENABLE_OBJC_WEAK = YES;
				CLANG_WARN_BLOCK_CAPTURE_AUTORELEASING = YES;
				CLANG_WARN_BOOL_CONVERSION = YES;
				CLANG_WARN_COMMA = YES;
				CLANG_WARN_CONSTANT_CONVERSION = YES;
				CLANG_WARN_DEPRECATED_OBJC_IMPLEMENTATIONS = YES;
				CLANG_WARN_DIRECT_OBJC_ISA_USAGE = YES_ERROR;
				CLANG_WARN_DOCUMENTATION_COMMENTS = YES;
				CLANG_WARN_EMPTY_BODY = YES;
				CLANG_WARN_ENUM_CONVERSION = YES;
				CLANG_WARN_INFINITE_RECURSION = YES;
				CLANG_WARN_INT_CONVERSION = YES;
				CLANG_WARN_NON_LITERAL_NULL_CONVERSION = YES;
				CLANG_WARN_OBJC_IMPLICIT_RETAIN_SELF = YES;
				CLANG_WARN_OBJC_LITERAL_CONVERSION = YES;
				CLANG_WARN_OBJC_ROOT_CLASS = YES_ERROR;
				CLANG_WARN_QUOTED_INCLUDE_IN_FRAMEWORK_HEADER = YES;
				CLANG_WARN_RANGE_LOOP_ANALYSIS = YES;
				CLANG_WARN_STRICT_PROTOTYPES = YES;
				CLANG_WARN_SUSPICIOUS_MOVE = YES;
				CLANG_WARN_UNGUARDED_AVAILABILITY = YES_AGGRESSIVE;
				CLANG_WARN_UNREACHABLE_CODE = YES;
				CLANG_WARN__DUPLICATE_METHOD_MATCH = YES;
				COPY_PHASE_STRIP = NO;
				DEBUG_INFORMATION_FORMAT = dwarf;
				ENABLE_STRICT_OBJC_MSGSEND = YES;
				ENABLE_TESTABILITY = YES;
				GCC_C_LANGUAGE_STANDARD = gnu11;
				GCC_DYNAMIC_NO_PIC = NO;
				GCC_NO_COMMON_BLOCKS = YES;
				GCC_OPTIMIZATION_LEVEL = 0;
				GCC_PREPROCESSOR_DEFINITIONS = (
					"DEBUG=1",
					"$(inherited)",
				);
				GCC_WARN_64_TO_32_BIT_CONVERSION = YES;
				GCC_WARN_ABOUT_RETURN_TYPE = YES_ERROR;
				GCC_WARN_UNDECLARED_SELECTOR = YES;
				GCC_WARN_UNINITIALIZED_AUTOS = YES_AGGRESSIVE;
				GCC_WARN_UNUSED_FUNCTION = YES;
				GCC_WARN_UNUSED_VARIABLE = YES;
				IPHONEOS_DEPLOYMENT_TARGET = 15.0;
				MTL_ENABLE_DEBUG_INFO = INCLUDE_SOURCE;
				MTL_FAST_MATH = YES;
				ONLY_ACTIVE_ARCH = YES;
				SDKROOT = iphoneos;
				SWIFT_ACTIVE_COMPILATION_CONDITIONS = DEBUG;
				SWIFT_OPTIMIZATION_LEVEL = "-Onone";
			};
			name = Debug;
		};
		C2F3B75327C01F1100AA64A2 /* Release */ = {
			isa = XCBuildConfiguration;
			buildSettings = {
				ALWAYS_SEARCH_USER_PATHS = NO;
				CLANG_ANALYZER_NONNULL = YES;
				CLANG_ANALYZER_NUMBER_OBJECT_CONVERSION = YES_AGGRESSIVE;
				CLANG_CXX_LANGUAGE_STANDARD = "gnu++17";
				CLANG_CXX_LIBRARY = "libc++";
				CLANG_ENABLE_MODULES = YES;
				CLANG_ENABLE_OBJC_ARC = YES;
				CLANG_ENABLE_OBJC_WEAK = YES;
				CLANG_WARN_BLOCK_CAPTURE_AUTORELEASING = YES;
				CLANG_WARN_BOOL_CONVERSION = YES;
				CLANG_WARN_COMMA = YES;
				CLANG_WARN_CONSTANT_CONVERSION = YES;
				CLANG_WARN_DEPRECATED_OBJC_IMPLEMENTATIONS = YES;
				CLANG_WARN_DIRECT_OBJC_ISA_USAGE = YES_ERROR;
				CLANG_WARN_DOCUMENTATION_COMMENTS = YES;
				CLANG_WARN_EMPTY_BODY = YES;
				CLANG_WARN_ENUM_CONVERSION = YES;
				CLANG_WARN_INFINITE_RECURSION = YES;
				CLANG_WARN_INT_CONVERSION = YES;
				CLANG_WARN_NON_LITERAL_NULL_CONVERSION = YES;
				CLANG_WARN_OBJC_IMPLICIT_RETAIN_SELF = YES;
				CLANG_WARN_OBJC_LITERAL_CONVERSION = YES;
				CLANG_WARN_OBJC_ROOT_CLASS = YES_ERROR;
				CLANG_WARN_QUOTED_INCLUDE_IN_FRAMEWORK_HEADER = YES;
				CLANG_WARN_RANGE_LOOP_ANALYSIS = YES;
				CLANG_WARN_STRICT_PROTOTYPES = YES;
				CLANG_WARN_SUSPICIOUS_MOVE = YES;
				CLANG_WARN_UNGUARDED_AVAILABILITY = YES_AGGRESSIVE;
				CLANG_WARN_UNREACHABLE_CODE = YES;
				CLANG_WARN__DUPLICATE_METHOD_MATCH = YES;
				COPY_PHASE_STRIP = NO;
				DEBUG_INFORMATION_FORMAT = "dwarf-with-dsym";
				ENABLE_NS_ASSERTIONS = NO;
				ENABLE_STRICT_OBJC_MSGSEND = YES;
				GCC_C_LANGUAGE_STANDARD = gnu11;
				GCC_NO_COMMON_BLOCKS = YES;
				GCC_WARN_64_TO_32_BIT_CONVERSION = YES;
				GCC_WARN_ABOUT_RETURN_TYPE = YES_ERROR;
				GCC_WARN_UNDECLARED_SELECTOR = YES;
				GCC_WARN_UNINITIALIZED_AUTOS = YES_AGGRESSIVE;
				GCC_WARN_UNUSED_FUNCTION = YES;
				GCC_WARN_UNUSED_VARIABLE = YES;
				IPHONEOS_DEPLOYMENT_TARGET = 15.0;
				MTL_ENABLE_DEBUG_INFO = NO;
				MTL_FAST_MATH = YES;
				SDKROOT = iphoneos;
				SWIFT_COMPILATION_MODE = wholemodule;
				SWIFT_OPTIMIZATION_LEVEL = "-O";
				VALIDATE_PRODUCT = YES;
			};
			name = Release;
		};
		C2F3B75527C01F1100AA64A2 /* Debug */ = {
			isa = XCBuildConfiguration;
			baseConfigurationReference = 6642EC577AA4C467BBAE9E8B /* Pods-MarvelChars.debug.xcconfig */;
			buildSettings = {
				ASSETCATALOG_COMPILER_APPICON_NAME = AppIcon;
				ASSETCATALOG_COMPILER_GLOBAL_ACCENT_COLOR_NAME = AccentColor;
				CODE_SIGN_STYLE = Automatic;
				CURRENT_PROJECT_VERSION = 1;
				DEVELOPMENT_TEAM = V26QFAFB26;
				GENERATE_INFOPLIST_FILE = YES;
				INFOPLIST_FILE = MarvelChars/Info.plist;
				INFOPLIST_KEY_UIApplicationSupportsIndirectInputEvents = YES;
				INFOPLIST_KEY_UILaunchStoryboardName = LaunchScreen;
				INFOPLIST_KEY_UIMainStoryboardFile = Main;
				INFOPLIST_KEY_UISupportedInterfaceOrientations_iPad = "UIInterfaceOrientationPortrait UIInterfaceOrientationPortraitUpsideDown UIInterfaceOrientationLandscapeLeft UIInterfaceOrientationLandscapeRight";
				INFOPLIST_KEY_UISupportedInterfaceOrientations_iPhone = "UIInterfaceOrientationPortrait UIInterfaceOrientationLandscapeLeft UIInterfaceOrientationLandscapeRight";
				LD_RUNPATH_SEARCH_PATHS = (
					"$(inherited)",
					"@executable_path/Frameworks",
				);
				MARKETING_VERSION = 1.0;
				PRODUCT_BUNDLE_IDENTIFIER = ilker.MarvelChars;
				PRODUCT_NAME = "$(TARGET_NAME)";
				SWIFT_EMIT_LOC_STRINGS = YES;
				SWIFT_VERSION = 5.0;
				TARGETED_DEVICE_FAMILY = "1,2";
			};
			name = Debug;
		};
		C2F3B75627C01F1100AA64A2 /* Release */ = {
			isa = XCBuildConfiguration;
			baseConfigurationReference = 54E2974089F3E3CCB4948805 /* Pods-MarvelChars.release.xcconfig */;
			buildSettings = {
				ASSETCATALOG_COMPILER_APPICON_NAME = AppIcon;
				ASSETCATALOG_COMPILER_GLOBAL_ACCENT_COLOR_NAME = AccentColor;
				CODE_SIGN_STYLE = Automatic;
				CURRENT_PROJECT_VERSION = 1;
				DEVELOPMENT_TEAM = V26QFAFB26;
				GENERATE_INFOPLIST_FILE = YES;
				INFOPLIST_FILE = MarvelChars/Info.plist;
				INFOPLIST_KEY_UIApplicationSupportsIndirectInputEvents = YES;
				INFOPLIST_KEY_UILaunchStoryboardName = LaunchScreen;
				INFOPLIST_KEY_UIMainStoryboardFile = Main;
				INFOPLIST_KEY_UISupportedInterfaceOrientations_iPad = "UIInterfaceOrientationPortrait UIInterfaceOrientationPortraitUpsideDown UIInterfaceOrientationLandscapeLeft UIInterfaceOrientationLandscapeRight";
				INFOPLIST_KEY_UISupportedInterfaceOrientations_iPhone = "UIInterfaceOrientationPortrait UIInterfaceOrientationLandscapeLeft UIInterfaceOrientationLandscapeRight";
				LD_RUNPATH_SEARCH_PATHS = (
					"$(inherited)",
					"@executable_path/Frameworks",
				);
				MARKETING_VERSION = 1.0;
				PRODUCT_BUNDLE_IDENTIFIER = ilker.MarvelChars;
				PRODUCT_NAME = "$(TARGET_NAME)";
				SWIFT_EMIT_LOC_STRINGS = YES;
				SWIFT_VERSION = 5.0;
				TARGETED_DEVICE_FAMILY = "1,2";
			};
			name = Release;
		};
/* End XCBuildConfiguration section */

/* Begin XCConfigurationList section */
		C2F3B73827C01F1100AA64A2 /* Build configuration list for PBXProject "MarvelChars" */ = {
			isa = XCConfigurationList;
			buildConfigurations = (
				C2F3B75227C01F1100AA64A2 /* Debug */,
				C2F3B75327C01F1100AA64A2 /* Release */,
			);
			defaultConfigurationIsVisible = 0;
			defaultConfigurationName = Release;
		};
		C2F3B75427C01F1100AA64A2 /* Build configuration list for PBXNativeTarget "MarvelChars" */ = {
			isa = XCConfigurationList;
			buildConfigurations = (
				C2F3B75527C01F1100AA64A2 /* Debug */,
				C2F3B75627C01F1100AA64A2 /* Release */,
			);
			defaultConfigurationIsVisible = 0;
			defaultConfigurationName = Release;
		};
/* End XCConfigurationList section */

/* Begin XCVersionGroup section */
		C2F3B74927C01F1100AA64A2 /* MarvelChars.xcdatamodeld */ = {
			isa = XCVersionGroup;
			children = (
				C2F3B74A27C01F1100AA64A2 /* MarvelChars.xcdatamodel */,
			);
			currentVersion = C2F3B74A27C01F1100AA64A2 /* MarvelChars.xcdatamodel */;
			path = MarvelChars.xcdatamodeld;
			sourceTree = "<group>";
			versionGroupType = wrapper.xcdatamodel;
		};
/* End XCVersionGroup section */
	};
	rootObject = C2F3B73527C01F1100AA64A2 /* Project object */;
}
